
Microsoft Visual Studio Solution File, Format Version 12.00
# Visual Studio 2013
VisualStudioVersion = 12.0.30501.0
MinimumVisualStudioVersion = 10.0.40219.1
Project("{FAE04EC0-301F-11D3-BF4B-00C04F79EFBC}") = "GameFifteen", "GameFifteen.Common\GameFifteen.csproj", "{84FCDC79-FB7A-45E8-B288-A6A6DCBF0062}"
EndProject
Project("{FAE04EC0-301F-11D3-BF4B-00C04F79EFBC}") = "GameFifteen.Logic.Tests", "GameFifteen.CommonTests\GameFifteen.Logic.Tests.csproj", "{D31E2551-6F4E-4339-9711-7E020262D5B0}"
EndProject
Project("{FAE04EC0-301F-11D3-BF4B-00C04F79EFBC}") = "GameFifteen.UI.Tests", "GameFifteen.UI.Tests\GameFifteen.UI.Tests.csproj", "{F1CAACD6-8DD1-49B7-8709-9D8425E2DB6F}"
EndProject
Global
	GlobalSection(SolutionConfigurationPlatforms) = preSolution
		Debug|Any CPU = Debug|Any CPU
		Release|Any CPU = Release|Any CPU
	EndGlobalSection
	GlobalSection(ProjectConfigurationPlatforms) = postSolution
		{84FCDC79-FB7A-45E8-B288-A6A6DCBF0062}.Debug|Any CPU.ActiveCfg = Debug|Any CPU
		{84FCDC79-FB7A-45E8-B288-A6A6DCBF0062}.Debug|Any CPU.Build.0 = Debug|Any CPU
		{84FCDC79-FB7A-45E8-B288-A6A6DCBF0062}.Release|Any CPU.ActiveCfg = Release|Any CPU
		{84FCDC79-FB7A-45E8-B288-A6A6DCBF0062}.Release|Any CPU.Build.0 = Release|Any CPU
		{D31E2551-6F4E-4339-9711-7E020262D5B0}.Debug|Any CPU.ActiveCfg = Debug|Any CPU
		{D31E2551-6F4E-4339-9711-7E020262D5B0}.Debug|Any CPU.Build.0 = Debug|Any CPU
		{D31E2551-6F4E-4339-9711-7E020262D5B0}.Release|Any CPU.ActiveCfg = Release|Any CPU
		{D31E2551-6F4E-4339-9711-7E020262D5B0}.Release|Any CPU.Build.0 = Release|Any CPU
		{F1CAACD6-8DD1-49B7-8709-9D8425E2DB6F}.Debug|Any CPU.ActiveCfg = Debug|Any CPU
		{F1CAACD6-8DD1-49B7-8709-9D8425E2DB6F}.Debug|Any CPU.Build.0 = Debug|Any CPU
		{F1CAACD6-8DD1-49B7-8709-9D8425E2DB6F}.Release|Any CPU.ActiveCfg = Release|Any CPU
		{F1CAACD6-8DD1-49B7-8709-9D8425E2DB6F}.Release|Any CPU.Build.0 = Release|Any CPU
	EndGlobalSection
	GlobalSection(SolutionProperties) = preSolution
		HideSolutionNode = FALSE
	EndGlobalSection
EndGlobal
